
Microsoft Visual Studio Solution File, Format Version 12.00
# Visual Studio Version 17
VisualStudioVersion = 17.4.33122.133
MinimumVisualStudioVersion = 10.0.40219.1
Project("{FAE04EC0-301F-11D3-BF4B-00C04F79EFBC}") = "ConsoleApp-Jenk", "ConsoleApp-Jenk\ConsoleApp-Jenk.csproj", "{76607CD1-9726-4A2E-ACC1-6F112C2C2159}"
EndProject
Project("{FAE04EC0-301F-11D3-BF4B-00C04F79EFBC}") = "UnitTestProject1", "UnitTestProject1\UnitTestProject1.csproj", "{943039E3-32AD-428C-9750-A81B9D544ADD}"
EndProject
Global
	GlobalSection(SolutionConfigurationPlatforms) = preSolution
		Debug|Any CPU = Debug|Any CPU
		Release|Any CPU = Release|Any CPU
	EndGlobalSection
	GlobalSection(ProjectConfigurationPlatforms) = postSolution
		{76607CD1-9726-4A2E-ACC1-6F112C2C2159}.Debug|Any CPU.ActiveCfg = Debug|Any CPU
		{76607CD1-9726-4A2E-ACC1-6F112C2C2159}.Debug|Any CPU.Build.0 = Debug|Any CPU
		{76607CD1-9726-4A2E-ACC1-6F112C2C2159}.Release|Any CPU.ActiveCfg = Release|Any CPU
		{76607CD1-9726-4A2E-ACC1-6F112C2C2159}.Release|Any CPU.Build.0 = Release|Any CPU
		{943039E3-32AD-428C-9750-A81B9D544ADD}.Debug|Any CPU.ActiveCfg = Debug|Any CPU
		{943039E3-32AD-428C-9750-A81B9D544ADD}.Debug|Any CPU.Build.0 = Debug|Any CPU
		{943039E3-32AD-428C-9750-A81B9D544ADD}.Release|Any CPU.ActiveCfg = Release|Any CPU
		{943039E3-32AD-428C-9750-A81B9D544ADD}.Release|Any CPU.Build.0 = Release|Any CPU
	EndGlobalSection
	GlobalSection(SolutionProperties) = preSolution
		HideSolutionNode = FALSE
	EndGlobalSection
	GlobalSection(ExtensibilityGlobals) = postSolution
		SolutionGuid = {85246422-C9BE-437F-BBAB-1771F7ED6D81}
	EndGlobalSection
EndGlobal
